
Microsoft Visual Studio Solution File, Format Version 12.00
# Visual Studio 14
VisualStudioVersion = 14.0.25123.0
MinimumVisualStudioVersion = 10.0.40219.1
Project("{FAE04EC0-301F-11D3-BF4B-00C04F79EFBC}") = "Healthyfood", "Healthyfood\Healthyfood.csproj", "{5155CC87-0506-4CAD-B1DB-D84462F19412}"
EndProject
Project("{FAE04EC0-301F-11D3-BF4B-00C04F79EFBC}") = "StockFood", "StockFood\StockFood.csproj", "{D00722A5-A98B-4402-A9BC-5058F907CFD2}"
EndProject
Global
	GlobalSection(SolutionConfigurationPlatforms) = preSolution
		Debug|Any CPU = Debug|Any CPU
		Release|Any CPU = Release|Any CPU
	EndGlobalSection
	GlobalSection(ProjectConfigurationPlatforms) = postSolution
		{5155CC87-0506-4CAD-B1DB-D84462F19412}.Debug|Any CPU.ActiveCfg = Debug|Any CPU
		{5155CC87-0506-4CAD-B1DB-D84462F19412}.Debug|Any CPU.Build.0 = Debug|Any CPU
		{5155CC87-0506-4CAD-B1DB-D84462F19412}.Release|Any CPU.ActiveCfg = Release|Any CPU
		{5155CC87-0506-4CAD-B1DB-D84462F19412}.Release|Any CPU.Build.0 = Release|Any CPU
		{D00722A5-A98B-4402-A9BC-5058F907CFD2}.Debug|Any CPU.ActiveCfg = Debug|Any CPU
		{D00722A5-A98B-4402-A9BC-5058F907CFD2}.Debug|Any CPU.Build.0 = Debug|Any CPU
		{D00722A5-A98B-4402-A9BC-5058F907CFD2}.Release|Any CPU.ActiveCfg = Release|Any CPU
		{D00722A5-A98B-4402-A9BC-5058F907CFD2}.Release|Any CPU.Build.0 = Release|Any CPU
	EndGlobalSection
	GlobalSection(SolutionProperties) = preSolution
		HideSolutionNode = FALSE
	EndGlobalSection
EndGlobal
